
Microsoft Visual Studio Solution File, Format Version 12.00
# Visual Studio Version 17
VisualStudioVersion = 17.9.34701.34
MinimumVisualStudioVersion = 10.0.40219.1
Project("{FAE04EC0-301F-11D3-BF4B-00C04F79EFBC}") = "SteamLibrary", "SteamLibrary.csproj", "{CBEB223A-88C7-4E33-B83E-0E902DAFC390}"
EndProject
Global
	GlobalSection(SolutionConfigurationPlatforms) = preSolution
		Debug|Any CPU = Debug|Any CPU
		Release|Any CPU = Release|Any CPU
	EndGlobalSection
	GlobalSection(ProjectConfigurationPlatforms) = postSolution
		{CBEB223A-88C7-4E33-B83E-0E902DAFC390}.Debug|Any CPU.ActiveCfg = Debug|Any CPU
		{CBEB223A-88C7-4E33-B83E-0E902DAFC390}.Debug|Any CPU.Build.0 = Debug|Any CPU
		{CBEB223A-88C7-4E33-B83E-0E902DAFC390}.Release|Any CPU.ActiveCfg = Release|Any CPU
		{CBEB223A-88C7-4E33-B83E-0E902DAFC390}.Release|Any CPU.Build.0 = Release|Any CPU
	EndGlobalSection
	GlobalSection(SolutionProperties) = preSolution
		HideSolutionNode = FALSE
	EndGlobalSection
	GlobalSection(ExtensibilityGlobals) = postSolution
		SolutionGuid = {783652FD-7BAF-46CC-9EEC-92F717028B43}
	EndGlobalSection
EndGlobal
